{
  "name": "Nectar-GDG",
  "lockfileVersion": 3,
  "requires": true,
  "packages": {
    "": {
      "dependencies": {
        "mica-electron": "^1.5.17"
      }
    },
    "node_modules/mica-electron": {
      "version": "1.5.17",
      "resolved": "https://registry.npmjs.org/mica-electron/-/mica-electron-1.5.17.tgz",
      "integrity": "sha512-wB4JnQY7a6fSyaqDWW5257pAKMUuJHwcneIwO1GgmTSFcrd2Fx/XGT9kbRrXLZL3O2LdLBGOu1fP4FMWIEr+yA==",
      "license": "Apache-2.0"
    }
  }
}
